// !$*UTF8*$!
{
	archiveVersion = 1;
	classes = {
	};
	objectVersion = 55;
	objects = {

/* Begin PBXBuildFile section */
		A1CB21DC2804D972006489FA /* AppDelegate.swift in Sources */ = {isa = PBXBuildFile; fileRef = A1CB21DB2804D972006489FA /* AppDelegate.swift */; };
		A1CB21DE2804D972006489FA /* SceneDelegate.swift in Sources */ = {isa = PBXBuildFile; fileRef = A1CB21DD2804D972006489FA /* SceneDelegate.swift */; };
		A1CB21E02804D972006489FA /* PhotoViewController.swift in Sources */ = {isa = PBXBuildFile; fileRef = A1CB21DF2804D972006489FA /* PhotoViewController.swift */; };
		A1CB21E52804D974006489FA /* Assets.xcassets in Resources */ = {isa = PBXBuildFile; fileRef = A1CB21E42804D974006489FA /* Assets.xcassets */; };
		A1CB21E82804D974006489FA /* LaunchScreen.storyboard in Resources */ = {isa = PBXBuildFile; fileRef = A1CB21E62804D974006489FA /* LaunchScreen.storyboard */; };
		A1CB21F32804D974006489FA /* ImageSearchTests.swift in Sources */ = {isa = PBXBuildFile; fileRef = A1CB21F22804D974006489FA /* ImageSearchTests.swift */; };
		A1CB21FD2804D974006489FA /* ImageSearchUITests.swift in Sources */ = {isa = PBXBuildFile; fileRef = A1CB21FC2804D974006489FA /* ImageSearchUITests.swift */; };
		A1CB21FF2804D974006489FA /* ImageSearchUITestsLaunchTests.swift in Sources */ = {isa = PBXBuildFile; fileRef = A1CB21FE2804D974006489FA /* ImageSearchUITestsLaunchTests.swift */; };
		A1CB221528084378006489FA /* PhotoReactor.swift in Sources */ = {isa = PBXBuildFile; fileRef = A1CB221428084378006489FA /* PhotoReactor.swift */; };
		A1CB2218280846ED006489FA /* Container.swift in Sources */ = {isa = PBXBuildFile; fileRef = A1CB2217280846ED006489FA /* Container.swift */; };
		A1CB221B2808470E006489FA /* Swinject in Frameworks */ = {isa = PBXBuildFile; productRef = A1CB221A2808470E006489FA /* Swinject */; };
		A1CB221E28085299006489FA /* ReactorKit in Frameworks */ = {isa = PBXBuildFile; productRef = A1CB221D28085299006489FA /* ReactorKit */; };
		A1CB22212808561A006489FA /* PhotoRepository.swift in Sources */ = {isa = PBXBuildFile; fileRef = A1CB22202808561A006489FA /* PhotoRepository.swift */; };
		A1CB22252808567D006489FA /* CacheService.swift in Sources */ = {isa = PBXBuildFile; fileRef = A1CB22242808567D006489FA /* CacheService.swift */; };
		A1CB22272808569B006489FA /* NetworkService.swift in Sources */ = {isa = PBXBuildFile; fileRef = A1CB22262808569B006489FA /* NetworkService.swift */; };
/* End PBXBuildFile section */

/* Begin PBXContainerItemProxy section */
		A1CB21EF2804D974006489FA /* PBXContainerItemProxy */ = {
			isa = PBXContainerItemProxy;
			containerPortal = A1CB21D02804D972006489FA /* Project object */;
			proxyType = 1;
			remoteGlobalIDString = A1CB21D72804D972006489FA;
			remoteInfo = ImageSearch;
		};
		A1CB21F92804D974006489FA /* PBXContainerItemProxy */ = {
			isa = PBXContainerItemProxy;
			containerPortal = A1CB21D02804D972006489FA /* Project object */;
			proxyType = 1;
			remoteGlobalIDString = A1CB21D72804D972006489FA;
			remoteInfo = ImageSearch;
		};
/* End PBXContainerItemProxy section */

/* Begin PBXFileReference section */
		A1CB21D82804D972006489FA /* ImageSearch.app */ = {isa = PBXFileReference; explicitFileType = wrapper.application; includeInIndex = 0; path = ImageSearch.app; sourceTree = BUILT_PRODUCTS_DIR; };
		A1CB21DB2804D972006489FA /* AppDelegate.swift */ = {isa = PBXFileReference; lastKnownFileType = sourcecode.swift; path = AppDelegate.swift; sourceTree = "<group>"; };
		A1CB21DD2804D972006489FA /* SceneDelegate.swift */ = {isa = PBXFileReference; lastKnownFileType = sourcecode.swift; path = SceneDelegate.swift; sourceTree = "<group>"; };
		A1CB21DF2804D972006489FA /* PhotoViewController.swift */ = {isa = PBXFileReference; lastKnownFileType = sourcecode.swift; path = PhotoViewController.swift; sourceTree = "<group>"; };
		A1CB21E42804D974006489FA /* Assets.xcassets */ = {isa = PBXFileReference; lastKnownFileType = folder.assetcatalog; path = Assets.xcassets; sourceTree = "<group>"; };
		A1CB21E72804D974006489FA /* Base */ = {isa = PBXFileReference; lastKnownFileType = file.storyboard; name = Base; path = Base.lproj/LaunchScreen.storyboard; sourceTree = "<group>"; };
		A1CB21E92804D974006489FA /* Info.plist */ = {isa = PBXFileReference; lastKnownFileType = text.plist.xml; name = Info.plist; path = ImageSearch/Supporting/Info.plist; sourceTree = SOURCE_ROOT; };
		A1CB21EE2804D974006489FA /* ImageSearchTests.xctest */ = {isa = PBXFileReference; explicitFileType = wrapper.cfbundle; includeInIndex = 0; path = ImageSearchTests.xctest; sourceTree = BUILT_PRODUCTS_DIR; };
		A1CB21F22804D974006489FA /* ImageSearchTests.swift */ = {isa = PBXFileReference; lastKnownFileType = sourcecode.swift; path = ImageSearchTests.swift; sourceTree = "<group>"; };
		A1CB21F82804D974006489FA /* ImageSearchUITests.xctest */ = {isa = PBXFileReference; explicitFileType = wrapper.cfbundle; includeInIndex = 0; path = ImageSearchUITests.xctest; sourceTree = BUILT_PRODUCTS_DIR; };
		A1CB21FC2804D974006489FA /* ImageSearchUITests.swift */ = {isa = PBXFileReference; lastKnownFileType = sourcecode.swift; path = ImageSearchUITests.swift; sourceTree = "<group>"; };
		A1CB21FE2804D974006489FA /* ImageSearchUITestsLaunchTests.swift */ = {isa = PBXFileReference; lastKnownFileType = sourcecode.swift; path = ImageSearchUITestsLaunchTests.swift; sourceTree = "<group>"; };
		A1CB221428084378006489FA /* PhotoReactor.swift */ = {isa = PBXFileReference; lastKnownFileType = sourcecode.swift; path = PhotoReactor.swift; sourceTree = "<group>"; };
		A1CB2217280846ED006489FA /* Container.swift */ = {isa = PBXFileReference; lastKnownFileType = sourcecode.swift; path = Container.swift; sourceTree = "<group>"; };
		A1CB22202808561A006489FA /* PhotoRepository.swift */ = {isa = PBXFileReference; lastKnownFileType = sourcecode.swift; path = PhotoRepository.swift; sourceTree = "<group>"; };
		A1CB22242808567D006489FA /* CacheService.swift */ = {isa = PBXFileReference; lastKnownFileType = sourcecode.swift; path = CacheService.swift; sourceTree = "<group>"; };
		A1CB22262808569B006489FA /* NetworkService.swift */ = {isa = PBXFileReference; lastKnownFileType = sourcecode.swift; path = NetworkService.swift; sourceTree = "<group>"; };
/* End PBXFileReference section */

/* Begin PBXFrameworksBuildPhase section */
		A1CB21D52804D972006489FA /* Frameworks */ = {
			isa = PBXFrameworksBuildPhase;
			buildActionMask = 2147483647;
			files = (
				A1CB221E28085299006489FA /* ReactorKit in Frameworks */,
				A1CB221B2808470E006489FA /* Swinject in Frameworks */,
			);
			runOnlyForDeploymentPostprocessing = 0;
		};
		A1CB21EB2804D974006489FA /* Frameworks */ = {
			isa = PBXFrameworksBuildPhase;
			buildActionMask = 2147483647;
			files = (
			);
			runOnlyForDeploymentPostprocessing = 0;
		};
		A1CB21F52804D974006489FA /* Frameworks */ = {
			isa = PBXFrameworksBuildPhase;
			buildActionMask = 2147483647;
			files = (
			);
			runOnlyForDeploymentPostprocessing = 0;
		};
/* End PBXFrameworksBuildPhase section */

/* Begin PBXGroup section */
		A1CB21CF2804D972006489FA = {
			isa = PBXGroup;
			children = (
				A1CB21DA2804D972006489FA /* ImageSearch */,
				A1CB21F12804D974006489FA /* ImageSearchTests */,
				A1CB21FB2804D974006489FA /* ImageSearchUITests */,
				A1CB21D92804D972006489FA /* Products */,
			);
			sourceTree = "<group>";
		};
		A1CB21D92804D972006489FA /* Products */ = {
			isa = PBXGroup;
			children = (
				A1CB21D82804D972006489FA /* ImageSearch.app */,
				A1CB21EE2804D974006489FA /* ImageSearchTests.xctest */,
				A1CB21F82804D974006489FA /* ImageSearchUITests.xctest */,
			);
			name = Products;
			sourceTree = "<group>";
		};
		A1CB21DA2804D972006489FA /* ImageSearch */ = {
			isa = PBXGroup;
			children = (
				A1CB220B2804DA83006489FA /* Supporting */,
				A1CB220D2804DA91006489FA /* Resource */,
				A1CB220C2804DA8A006489FA /* Source */,
			);
			path = ImageSearch;
			sourceTree = "<group>";
		};
		A1CB21F12804D974006489FA /* ImageSearchTests */ = {
			isa = PBXGroup;
			children = (
				A1CB21F22804D974006489FA /* ImageSearchTests.swift */,
			);
			path = ImageSearchTests;
			sourceTree = "<group>";
		};
		A1CB21FB2804D974006489FA /* ImageSearchUITests */ = {
			isa = PBXGroup;
			children = (
				A1CB21FC2804D974006489FA /* ImageSearchUITests.swift */,
				A1CB21FE2804D974006489FA /* ImageSearchUITestsLaunchTests.swift */,
			);
			path = ImageSearchUITests;
			sourceTree = "<group>";
		};
		A1CB220B2804DA83006489FA /* Supporting */ = {
			isa = PBXGroup;
			children = (
				A1CB21E92804D974006489FA /* Info.plist */,
			);
			path = Supporting;
			sourceTree = "<group>";
		};
		A1CB220C2804DA8A006489FA /* Source */ = {
			isa = PBXGroup;
			children = (
				A1CB22132804DAD6006489FA /* App */,
				A1CB22122804DACC006489FA /* Model */,
				A1CB22112804DAC5006489FA /* Service */,
				A1CB221F28085607006489FA /* Repository */,
				A1CB22102804DAC0006489FA /* Reactor */,
				A1CB220F2804DAB9006489FA /* ViewController */,
				A1CB220E2804DAB3006489FA /* View */,
			);
			path = Source;
			sourceTree = "<group>";
		};
		A1CB220D2804DA91006489FA /* Resource */ = {
			isa = PBXGroup;
			children = (
				A1CB21E42804D974006489FA /* Assets.xcassets */,
				A1CB21E62804D974006489FA /* LaunchScreen.storyboard */,
			);
			path = Resource;
			sourceTree = "<group>";
		};
		A1CB220E2804DAB3006489FA /* View */ = {
			isa = PBXGroup;
			children = (
			);
			path = View;
			sourceTree = "<group>";
		};
		A1CB220F2804DAB9006489FA /* ViewController */ = {
			isa = PBXGroup;
			children = (
				A1CB21DF2804D972006489FA /* PhotoViewController.swift */,
			);
			path = ViewController;
			sourceTree = "<group>";
		};
		A1CB22102804DAC0006489FA /* Reactor */ = {
			isa = PBXGroup;
			children = (
				A1CB221428084378006489FA /* PhotoReactor.swift */,
			);
			path = Reactor;
			sourceTree = "<group>";
		};
		A1CB22112804DAC5006489FA /* Service */ = {
			isa = PBXGroup;
			children = (
				A1CB222328085632006489FA /* CacheService */,
				A1CB222228085626006489FA /* NetworkService */,
			);
			path = Service;
			sourceTree = "<group>";
		};
		A1CB22122804DACC006489FA /* Model */ = {
			isa = PBXGroup;
			children = (
			);
			path = Model;
			sourceTree = "<group>";
		};
		A1CB22132804DAD6006489FA /* App */ = {
			isa = PBXGroup;
			children = (
				A1CB21DD2804D972006489FA /* SceneDelegate.swift */,
				A1CB21DB2804D972006489FA /* AppDelegate.swift */,
				A1CB2216280846DD006489FA /* DI */,
			);
			path = App;
			sourceTree = "<group>";
		};
		A1CB2216280846DD006489FA /* DI */ = {
			isa = PBXGroup;
			children = (
				A1CB2217280846ED006489FA /* Container.swift */,
			);
			path = DI;
			sourceTree = "<group>";
		};
		A1CB221F28085607006489FA /* Repository */ = {
			isa = PBXGroup;
			children = (
				A1CB22202808561A006489FA /* PhotoRepository.swift */,
			);
			path = Repository;
			sourceTree = "<group>";
		};
		A1CB222228085626006489FA /* NetworkService */ = {
			isa = PBXGroup;
			children = (
				A1CB22262808569B006489FA /* NetworkService.swift */,
			);
			path = NetworkService;
			sourceTree = "<group>";
		};
		A1CB222328085632006489FA /* CacheService */ = {
			isa = PBXGroup;
			children = (
				A1CB22242808567D006489FA /* CacheService.swift */,
			);
			path = CacheService;
			sourceTree = "<group>";
		};
/* End PBXGroup section */

/* Begin PBXNativeTarget section */
		A1CB21D72804D972006489FA /* ImageSearch */ = {
			isa = PBXNativeTarget;
			buildConfigurationList = A1CB22022804D974006489FA /* Build configuration list for PBXNativeTarget "ImageSearch" */;
			buildPhases = (
				A1CB21D42804D972006489FA /* Sources */,
				A1CB21D52804D972006489FA /* Frameworks */,
				A1CB21D62804D972006489FA /* Resources */,
			);
			buildRules = (
			);
			dependencies = (
			);
			name = ImageSearch;
			packageProductDependencies = (
				A1CB221A2808470E006489FA /* Swinject */,
				A1CB221D28085299006489FA /* ReactorKit */,
			);
			productName = ImageSearch;
			productReference = A1CB21D82804D972006489FA /* ImageSearch.app */;
			productType = "com.apple.product-type.application";
		};
		A1CB21ED2804D974006489FA /* ImageSearchTests */ = {
			isa = PBXNativeTarget;
			buildConfigurationList = A1CB22052804D974006489FA /* Build configuration list for PBXNativeTarget "ImageSearchTests" */;
			buildPhases = (
				A1CB21EA2804D974006489FA /* Sources */,
				A1CB21EB2804D974006489FA /* Frameworks */,
				A1CB21EC2804D974006489FA /* Resources */,
			);
			buildRules = (
			);
			dependencies = (
				A1CB21F02804D974006489FA /* PBXTargetDependency */,
			);
			name = ImageSearchTests;
			productName = ImageSearchTests;
			productReference = A1CB21EE2804D974006489FA /* ImageSearchTests.xctest */;
			productType = "com.apple.product-type.bundle.unit-test";
		};
		A1CB21F72804D974006489FA /* ImageSearchUITests */ = {
			isa = PBXNativeTarget;
			buildConfigurationList = A1CB22082804D974006489FA /* Build configuration list for PBXNativeTarget "ImageSearchUITests" */;
			buildPhases = (
				A1CB21F42804D974006489FA /* Sources */,
				A1CB21F52804D974006489FA /* Frameworks */,
				A1CB21F62804D974006489FA /* Resources */,
			);
			buildRules = (
			);
			dependencies = (
				A1CB21FA2804D974006489FA /* PBXTargetDependency */,
			);
			name = ImageSearchUITests;
			productName = ImageSearchUITests;
			productReference = A1CB21F82804D974006489FA /* ImageSearchUITests.xctest */;
			productType = "com.apple.product-type.bundle.ui-testing";
		};
/* End PBXNativeTarget section */

/* Begin PBXProject section */
		A1CB21D02804D972006489FA /* Project object */ = {
			isa = PBXProject;
			attributes = {
				BuildIndependentTargetsInParallel = 1;
				LastSwiftUpdateCheck = 1320;
				LastUpgradeCheck = 1320;
				TargetAttributes = {
					A1CB21D72804D972006489FA = {
						CreatedOnToolsVersion = 13.2.1;
					};
					A1CB21ED2804D974006489FA = {
						CreatedOnToolsVersion = 13.2.1;
						TestTargetID = A1CB21D72804D972006489FA;
					};
					A1CB21F72804D974006489FA = {
						CreatedOnToolsVersion = 13.2.1;
						TestTargetID = A1CB21D72804D972006489FA;
					};
				};
			};
			buildConfigurationList = A1CB21D32804D972006489FA /* Build configuration list for PBXProject "ImageSearch" */;
			compatibilityVersion = "Xcode 13.0";
			developmentRegion = en;
			hasScannedForEncodings = 0;
			knownRegions = (
				en,
				Base,
			);
			mainGroup = A1CB21CF2804D972006489FA;
			packageReferences = (
				A1CB22192808470E006489FA /* XCRemoteSwiftPackageReference "Swinject" */,
				A1CB221C28085299006489FA /* XCRemoteSwiftPackageReference "ReactorKit" */,
			);
			productRefGroup = A1CB21D92804D972006489FA /* Products */;
			projectDirPath = "";
			projectRoot = "";
			targets = (
				A1CB21D72804D972006489FA /* ImageSearch */,
				A1CB21ED2804D974006489FA /* ImageSearchTests */,
				A1CB21F72804D974006489FA /* ImageSearchUITests */,
			);
		};
/* End PBXProject section */

/* Begin PBXResourcesBuildPhase section */
		A1CB21D62804D972006489FA /* Resources */ = {
			isa = PBXResourcesBuildPhase;
			buildActionMask = 2147483647;
			files = (
				A1CB21E82804D974006489FA /* LaunchScreen.storyboard in Resources */,
				A1CB21E52804D974006489FA /* Assets.xcassets in Resources */,
			);
			runOnlyForDeploymentPostprocessing = 0;
		};
		A1CB21EC2804D974006489FA /* Resources */ = {
			isa = PBXResourcesBuildPhase;
			buildActionMask = 2147483647;
			files = (
			);
			runOnlyForDeploymentPostprocessing = 0;
		};
		A1CB21F62804D974006489FA /* Resources */ = {
			isa = PBXResourcesBuildPhase;
			buildActionMask = 2147483647;
			files = (
			);
			runOnlyForDeploymentPostprocessing = 0;
		};
/* End PBXResourcesBuildPhase section */

/* Begin PBXSourcesBuildPhase section */
		A1CB21D42804D972006489FA /* Sources */ = {
			isa = PBXSourcesBuildPhase;
			buildActionMask = 2147483647;
			files = (
				A1CB221528084378006489FA /* PhotoReactor.swift in Sources */,
				A1CB21E02804D972006489FA /* PhotoViewController.swift in Sources */,
				A1CB22272808569B006489FA /* NetworkService.swift in Sources */,
				A1CB22252808567D006489FA /* CacheService.swift in Sources */,
				A1CB2218280846ED006489FA /* Container.swift in Sources */,
				A1CB21DC2804D972006489FA /* AppDelegate.swift in Sources */,
				A1CB22212808561A006489FA /* PhotoRepository.swift in Sources */,
				A1CB21DE2804D972006489FA /* SceneDelegate.swift in Sources */,
			);
			runOnlyForDeploymentPostprocessing = 0;
		};
		A1CB21EA2804D974006489FA /* Sources */ = {
			isa = PBXSourcesBuildPhase;
			buildActionMask = 2147483647;
			files = (
				A1CB21F32804D974006489FA /* ImageSearchTests.swift in Sources */,
			);
			runOnlyForDeploymentPostprocessing = 0;
		};
		A1CB21F42804D974006489FA /* Sources */ = {
			isa = PBXSourcesBuildPhase;
			buildActionMask = 2147483647;
			files = (
				A1CB21FF2804D974006489FA /* ImageSearchUITestsLaunchTests.swift in Sources */,
				A1CB21FD2804D974006489FA /* ImageSearchUITests.swift in Sources */,
			);
			runOnlyForDeploymentPostprocessing = 0;
		};
/* End PBXSourcesBuildPhase section */

/* Begin PBXTargetDependency section */
		A1CB21F02804D974006489FA /* PBXTargetDependency */ = {
			isa = PBXTargetDependency;
			target = A1CB21D72804D972006489FA /* ImageSearch */;
			targetProxy = A1CB21EF2804D974006489FA /* PBXContainerItemProxy */;
		};
		A1CB21FA2804D974006489FA /* PBXTargetDependency */ = {
			isa = PBXTargetDependency;
			target = A1CB21D72804D972006489FA /* ImageSearch */;
			targetProxy = A1CB21F92804D974006489FA /* PBXContainerItemProxy */;
		};
/* End PBXTargetDependency section */

/* Begin PBXVariantGroup section */
		A1CB21E62804D974006489FA /* LaunchScreen.storyboard */ = {
			isa = PBXVariantGroup;
			children = (
				A1CB21E72804D974006489FA /* Base */,
			);
			name = LaunchScreen.storyboard;
			sourceTree = "<group>";
		};
/* End PBXVariantGroup section */

/* Begin XCBuildConfiguration section */
		A1CB22002804D974006489FA /* Debug */ = {
			isa = XCBuildConfiguration;
			buildSettings = {
				ALWAYS_SEARCH_USER_PATHS = NO;
				CLANG_ANALYZER_NONNULL = YES;
				CLANG_ANALYZER_NUMBER_OBJECT_CONVERSION = YES_AGGRESSIVE;
				CLANG_CXX_LANGUAGE_STANDARD = "gnu++17";
				CLANG_CXX_LIBRARY = "libc++";
				CLANG_ENABLE_MODULES = YES;
				CLANG_ENABLE_OBJC_ARC = YES;
				CLANG_ENABLE_OBJC_WEAK = YES;
				CLANG_WARN_BLOCK_CAPTURE_AUTORELEASING = YES;
				CLANG_WARN_BOOL_CONVERSION = YES;
				CLANG_WARN_COMMA = YES;
				CLANG_WARN_CONSTANT_CONVERSION = YES;
				CLANG_WARN_DEPRECATED_OBJC_IMPLEMENTATIONS = YES;
				CLANG_WARN_DIRECT_OBJC_ISA_USAGE = YES_ERROR;
				CLANG_WARN_DOCUMENTATION_COMMENTS = YES;
				CLANG_WARN_EMPTY_BODY = YES;
				CLANG_WARN_ENUM_CONVERSION = YES;
				CLANG_WARN_INFINITE_RECURSION = YES;
				CLANG_WARN_INT_CONVERSION = YES;
				CLANG_WARN_NON_LITERAL_NULL_CONVERSION = YES;
				CLANG_WARN_OBJC_IMPLICIT_RETAIN_SELF = YES;
				CLANG_WARN_OBJC_LITERAL_CONVERSION = YES;
				CLANG_WARN_OBJC_ROOT_CLASS = YES_ERROR;
				CLANG_WARN_QUOTED_INCLUDE_IN_FRAMEWORK_HEADER = YES;
				CLANG_WARN_RANGE_LOOP_ANALYSIS = YES;
				CLANG_WARN_STRICT_PROTOTYPES = YES;
				CLANG_WARN_SUSPICIOUS_MOVE = YES;
				CLANG_WARN_UNGUARDED_AVAILABILITY = YES_AGGRESSIVE;
				CLANG_WARN_UNREACHABLE_CODE = YES;
				CLANG_WARN__DUPLICATE_METHOD_MATCH = YES;
				COPY_PHASE_STRIP = NO;
				DEBUG_INFORMATION_FORMAT = dwarf;
				ENABLE_STRICT_OBJC_MSGSEND = YES;
				ENABLE_TESTABILITY = YES;
				GCC_C_LANGUAGE_STANDARD = gnu11;
				GCC_DYNAMIC_NO_PIC = NO;
				GCC_NO_COMMON_BLOCKS = YES;
				GCC_OPTIMIZATION_LEVEL = 0;
				GCC_PREPROCESSOR_DEFINITIONS = (
					"DEBUG=1",
					"$(inherited)",
				);
				GCC_WARN_64_TO_32_BIT_CONVERSION = YES;
				GCC_WARN_ABOUT_RETURN_TYPE = YES_ERROR;
				GCC_WARN_UNDECLARED_SELECTOR = YES;
				GCC_WARN_UNINITIALIZED_AUTOS = YES_AGGRESSIVE;
				GCC_WARN_UNUSED_FUNCTION = YES;
				GCC_WARN_UNUSED_VARIABLE = YES;
				IPHONEOS_DEPLOYMENT_TARGET = 13.0;
				MTL_ENABLE_DEBUG_INFO = INCLUDE_SOURCE;
				MTL_FAST_MATH = YES;
				ONLY_ACTIVE_ARCH = YES;
				SDKROOT = iphoneos;
				SWIFT_ACTIVE_COMPILATION_CONDITIONS = DEBUG;
				SWIFT_OPTIMIZATION_LEVEL = "-Onone";
			};
			name = Debug;
		};
		A1CB22012804D974006489FA /* Release */ = {
			isa = XCBuildConfiguration;
			buildSettings = {
				ALWAYS_SEARCH_USER_PATHS = NO;
				CLANG_ANALYZER_NONNULL = YES;
				CLANG_ANALYZER_NUMBER_OBJECT_CONVERSION = YES_AGGRESSIVE;
				CLANG_CXX_LANGUAGE_STANDARD = "gnu++17";
				CLANG_CXX_LIBRARY = "libc++";
				CLANG_ENABLE_MODULES = YES;
				CLANG_ENABLE_OBJC_ARC = YES;
				CLANG_ENABLE_OBJC_WEAK = YES;
				CLANG_WARN_BLOCK_CAPTURE_AUTORELEASING = YES;
				CLANG_WARN_BOOL_CONVERSION = YES;
				CLANG_WARN_COMMA = YES;
				CLANG_WARN_CONSTANT_CONVERSION = YES;
				CLANG_WARN_DEPRECATED_OBJC_IMPLEMENTATIONS = YES;
				CLANG_WARN_DIRECT_OBJC_ISA_USAGE = YES_ERROR;
				CLANG_WARN_DOCUMENTATION_COMMENTS = YES;
				CLANG_WARN_EMPTY_BODY = YES;
				CLANG_WARN_ENUM_CONVERSION = YES;
				CLANG_WARN_INFINITE_RECURSION = YES;
				CLANG_WARN_INT_CONVERSION = YES;
				CLANG_WARN_NON_LITERAL_NULL_CONVERSION = YES;
				CLANG_WARN_OBJC_IMPLICIT_RETAIN_SELF = YES;
				CLANG_WARN_OBJC_LITERAL_CONVERSION = YES;
				CLANG_WARN_OBJC_ROOT_CLASS = YES_ERROR;
				CLANG_WARN_QUOTED_INCLUDE_IN_FRAMEWORK_HEADER = YES;
				CLANG_WARN_RANGE_LOOP_ANALYSIS = YES;
				CLANG_WARN_STRICT_PROTOTYPES = YES;
				CLANG_WARN_SUSPICIOUS_MOVE = YES;
				CLANG_WARN_UNGUARDED_AVAILABILITY = YES_AGGRESSIVE;
				CLANG_WARN_UNREACHABLE_CODE = YES;
				CLANG_WARN__DUPLICATE_METHOD_MATCH = YES;
				COPY_PHASE_STRIP = NO;
				DEBUG_INFORMATION_FORMAT = "dwarf-with-dsym";
				ENABLE_NS_ASSERTIONS = NO;
				ENABLE_STRICT_OBJC_MSGSEND = YES;
				GCC_C_LANGUAGE_STANDARD = gnu11;
				GCC_NO_COMMON_BLOCKS = YES;
				GCC_WARN_64_TO_32_BIT_CONVERSION = YES;
				GCC_WARN_ABOUT_RETURN_TYPE = YES_ERROR;
				GCC_WARN_UNDECLARED_SELECTOR = YES;
				GCC_WARN_UNINITIALIZED_AUTOS = YES_AGGRESSIVE;
				GCC_WARN_UNUSED_FUNCTION = YES;
				GCC_WARN_UNUSED_VARIABLE = YES;
				IPHONEOS_DEPLOYMENT_TARGET = 13.0;
				MTL_ENABLE_DEBUG_INFO = NO;
				MTL_FAST_MATH = YES;
				SDKROOT = iphoneos;
				SWIFT_COMPILATION_MODE = wholemodule;
				SWIFT_OPTIMIZATION_LEVEL = "-O";
				VALIDATE_PRODUCT = YES;
			};
			name = Release;
		};
		A1CB22032804D974006489FA /* Debug */ = {
			isa = XCBuildConfiguration;
			buildSettings = {
				ASSETCATALOG_COMPILER_APPICON_NAME = AppIcon;
				ASSETCATALOG_COMPILER_GLOBAL_ACCENT_COLOR_NAME = AccentColor;
				CODE_SIGN_STYLE = Automatic;
				CURRENT_PROJECT_VERSION = 1;
				DEVELOPMENT_TEAM = YB8GA5MLV5;
				GENERATE_INFOPLIST_FILE = YES;
				INFOPLIST_FILE = ImageSearch/Supporting/Info.plist;
				INFOPLIST_KEY_UIApplicationSupportsIndirectInputEvents = YES;
				INFOPLIST_KEY_UILaunchStoryboardName = LaunchScreen;
				INFOPLIST_KEY_UISupportedInterfaceOrientations = UIInterfaceOrientationPortrait;
				INFOPLIST_KEY_UISupportedInterfaceOrientations_iPad = "UIInterfaceOrientationPortrait UIInterfaceOrientationPortraitUpsideDown UIInterfaceOrientationLandscapeLeft UIInterfaceOrientationLandscapeRight";
				INFOPLIST_KEY_UISupportedInterfaceOrientations_iPhone = "UIInterfaceOrientationPortrait UIInterfaceOrientationLandscapeLeft UIInterfaceOrientationLandscapeRight";
				LD_RUNPATH_SEARCH_PATHS = (
					"$(inherited)",
					"@executable_path/Frameworks",
				);
				MARKETING_VERSION = 1.0;
				PRODUCT_BUNDLE_IDENTIFIER = yongmin.ImageSearch;
				PRODUCT_NAME = "$(TARGET_NAME)";
				SWIFT_EMIT_LOC_STRINGS = YES;
				SWIFT_VERSION = 5.0;
				TARGETED_DEVICE_FAMILY = 1;
			};
			name = Debug;
		};
		A1CB22042804D974006489FA /* Release */ = {
			isa = XCBuildConfiguration;
			buildSettings = {
				ASSETCATALOG_COMPILER_APPICON_NAME = AppIcon;
				ASSETCATALOG_COMPILER_GLOBAL_ACCENT_COLOR_NAME = AccentColor;
				CODE_SIGN_STYLE = Automatic;
				CURRENT_PROJECT_VERSION = 1;
				DEVELOPMENT_TEAM = YB8GA5MLV5;
				GENERATE_INFOPLIST_FILE = YES;
				INFOPLIST_FILE = ImageSearch/Supporting/Info.plist;
				INFOPLIST_KEY_UIApplicationSupportsIndirectInputEvents = YES;
				INFOPLIST_KEY_UILaunchStoryboardName = LaunchScreen;
				INFOPLIST_KEY_UISupportedInterfaceOrientations = UIInterfaceOrientationPortrait;
				INFOPLIST_KEY_UISupportedInterfaceOrientations_iPad = "UIInterfaceOrientationPortrait UIInterfaceOrientationPortraitUpsideDown UIInterfaceOrientationLandscapeLeft UIInterfaceOrientationLandscapeRight";
				INFOPLIST_KEY_UISupportedInterfaceOrientations_iPhone = "UIInterfaceOrientationPortrait UIInterfaceOrientationLandscapeLeft UIInterfaceOrientationLandscapeRight";
				LD_RUNPATH_SEARCH_PATHS = (
					"$(inherited)",
					"@executable_path/Frameworks",
				);
				MARKETING_VERSION = 1.0;
				PRODUCT_BUNDLE_IDENTIFIER = yongmin.ImageSearch;
				PRODUCT_NAME = "$(TARGET_NAME)";
				SWIFT_EMIT_LOC_STRINGS = YES;
				SWIFT_VERSION = 5.0;
				TARGETED_DEVICE_FAMILY = 1;
			};
			name = Release;
		};
		A1CB22062804D974006489FA /* Debug */ = {
			isa = XCBuildConfiguration;
			buildSettings = {
				ALWAYS_EMBED_SWIFT_STANDARD_LIBRARIES = YES;
				BUNDLE_LOADER = "$(TEST_HOST)";
				CODE_SIGN_STYLE = Automatic;
				CURRENT_PROJECT_VERSION = 1;
				DEVELOPMENT_TEAM = YB8GA5MLV5;
				GENERATE_INFOPLIST_FILE = YES;
				IPHONEOS_DEPLOYMENT_TARGET = 15.2;
				MARKETING_VERSION = 1.0;
				PRODUCT_BUNDLE_IDENTIFIER = yongmin.ImageSearchTests;
				PRODUCT_NAME = "$(TARGET_NAME)";
				SWIFT_EMIT_LOC_STRINGS = NO;
				SWIFT_VERSION = 5.0;
				TARGETED_DEVICE_FAMILY = "1,2";
				TEST_HOST = "$(BUILT_PRODUCTS_DIR)/ImageSearch.app/ImageSearch";
			};
			name = Debug;
		};
		A1CB22072804D974006489FA /* Release */ = {
			isa = XCBuildConfiguration;
			buildSettings = {
				ALWAYS_EMBED_SWIFT_STANDARD_LIBRARIES = YES;
				BUNDLE_LOADER = "$(TEST_HOST)";
				CODE_SIGN_STYLE = Automatic;
				CURRENT_PROJECT_VERSION = 1;
				DEVELOPMENT_TEAM = YB8GA5MLV5;
				GENERATE_INFOPLIST_FILE = YES;
				IPHONEOS_DEPLOYMENT_TARGET = 15.2;
				MARKETING_VERSION = 1.0;
				PRODUCT_BUNDLE_IDENTIFIER = yongmin.ImageSearchTests;
				PRODUCT_NAME = "$(TARGET_NAME)";
				SWIFT_EMIT_LOC_STRINGS = NO;
				SWIFT_VERSION = 5.0;
				TARGETED_DEVICE_FAMILY = "1,2";
				TEST_HOST = "$(BUILT_PRODUCTS_DIR)/ImageSearch.app/ImageSearch";
			};
			name = Release;
		};
		A1CB22092804D974006489FA /* Debug */ = {
			isa = XCBuildConfiguration;
			buildSettings = {
				ALWAYS_EMBED_SWIFT_STANDARD_LIBRARIES = YES;
				CODE_SIGN_STYLE = Automatic;
				CURRENT_PROJECT_VERSION = 1;
				DEVELOPMENT_TEAM = YB8GA5MLV5;
				GENERATE_INFOPLIST_FILE = YES;
				MARKETING_VERSION = 1.0;
				PRODUCT_BUNDLE_IDENTIFIER = yongmin.ImageSearchUITests;
				PRODUCT_NAME = "$(TARGET_NAME)";
				SWIFT_EMIT_LOC_STRINGS = NO;
				SWIFT_VERSION = 5.0;
				TARGETED_DEVICE_FAMILY = "1,2";
				TEST_TARGET_NAME = ImageSearch;
			};
			name = Debug;
		};
		A1CB220A2804D974006489FA /* Release */ = {
			isa = XCBuildConfiguration;
			buildSettings = {
				ALWAYS_EMBED_SWIFT_STANDARD_LIBRARIES = YES;
				CODE_SIGN_STYLE = Automatic;
				CURRENT_PROJECT_VERSION = 1;
				DEVELOPMENT_TEAM = YB8GA5MLV5;
				GENERATE_INFOPLIST_FILE = YES;
				MARKETING_VERSION = 1.0;
				PRODUCT_BUNDLE_IDENTIFIER = yongmin.ImageSearchUITests;
				PRODUCT_NAME = "$(TARGET_NAME)";
				SWIFT_EMIT_LOC_STRINGS = NO;
				SWIFT_VERSION = 5.0;
				TARGETED_DEVICE_FAMILY = "1,2";
				TEST_TARGET_NAME = ImageSearch;
			};
			name = Release;
		};
/* End XCBuildConfiguration section */

/* Begin XCConfigurationList section */
		A1CB21D32804D972006489FA /* Build configuration list for PBXProject "ImageSearch" */ = {
			isa = XCConfigurationList;
			buildConfigurations = (
				A1CB22002804D974006489FA /* Debug */,
				A1CB22012804D974006489FA /* Release */,
			);
			defaultConfigurationIsVisible = 0;
			defaultConfigurationName = Release;
		};
		A1CB22022804D974006489FA /* Build configuration list for PBXNativeTarget "ImageSearch" */ = {
			isa = XCConfigurationList;
			buildConfigurations = (
				A1CB22032804D974006489FA /* Debug */,
				A1CB22042804D974006489FA /* Release */,
			);
			defaultConfigurationIsVisible = 0;
			defaultConfigurationName = Release;
		};
		A1CB22052804D974006489FA /* Build configuration list for PBXNativeTarget "ImageSearchTests" */ = {
			isa = XCConfigurationList;
			buildConfigurations = (
				A1CB22062804D974006489FA /* Debug */,
				A1CB22072804D974006489FA /* Release */,
			);
			defaultConfigurationIsVisible = 0;
			defaultConfigurationName = Release;
		};
		A1CB22082804D974006489FA /* Build configuration list for PBXNativeTarget "ImageSearchUITests" */ = {
			isa = XCConfigurationList;
			buildConfigurations = (
				A1CB22092804D974006489FA /* Debug */,
				A1CB220A2804D974006489FA /* Release */,
			);
			defaultConfigurationIsVisible = 0;
			defaultConfigurationName = Release;
		};
/* End XCConfigurationList section */

/* Begin XCRemoteSwiftPackageReference section */
		A1CB22192808470E006489FA /* XCRemoteSwiftPackageReference "Swinject" */ = {
			isa = XCRemoteSwiftPackageReference;
			repositoryURL = "https://github.com/Swinject/Swinject";
			requirement = {
				kind = upToNextMajorVersion;
				minimumVersion = 2.0.0;
			};
		};
		A1CB221C28085299006489FA /* XCRemoteSwiftPackageReference "ReactorKit" */ = {
			isa = XCRemoteSwiftPackageReference;
			repositoryURL = "https://github.com/ReactorKit/ReactorKit";
			requirement = {
				kind = upToNextMajorVersion;
				minimumVersion = 3.0.0;
			};
		};
/* End XCRemoteSwiftPackageReference section */

/* Begin XCSwiftPackageProductDependency section */
		A1CB221A2808470E006489FA /* Swinject */ = {
			isa = XCSwiftPackageProductDependency;
			package = A1CB22192808470E006489FA /* XCRemoteSwiftPackageReference "Swinject" */;
			productName = Swinject;
		};
		A1CB221D28085299006489FA /* ReactorKit */ = {
			isa = XCSwiftPackageProductDependency;
			package = A1CB221C28085299006489FA /* XCRemoteSwiftPackageReference "ReactorKit" */;
			productName = ReactorKit;
		};
/* End XCSwiftPackageProductDependency section */
	};
	rootObject = A1CB21D02804D972006489FA /* Project object */;
}
